
Microsoft Visual Studio Solution File, Format Version 12.00
# Visual Studio 15
VisualStudioVersion = 15.0.28307.645
MinimumVisualStudioVersion = 10.0.40219.1
Project("{9A19103F-16F7-4668-BE54-9A1E7A4F7556}") = "AutoSSH", "AutoSSH.csproj", "{41F34379-A3BB-4E22-93D3-150FBB281474}"
EndProject
Global
	GlobalSection(SolutionConfigurationPlatforms) = preSolution
		Debug|Any CPU = Debug|Any CPU
		Release|Any CPU = Release|Any CPU
	EndGlobalSection
	GlobalSection(ProjectConfigurationPlatforms) = postSolution
		{41F34379-A3BB-4E22-93D3-150FBB281474}.Debug|Any CPU.ActiveCfg = Debug|Any CPU
		{41F34379-A3BB-4E22-93D3-150FBB281474}.Debug|Any CPU.Build.0 = Debug|Any CPU
		{41F34379-A3BB-4E22-93D3-150FBB281474}.Release|Any CPU.ActiveCfg = Release|Any CPU
		{41F34379-A3BB-4E22-93D3-150FBB281474}.Release|Any CPU.Build.0 = Release|Any CPU
	EndGlobalSection
	GlobalSection(SolutionProperties) = preSolution
		HideSolutionNode = FALSE
	EndGlobalSection
	GlobalSection(ExtensibilityGlobals) = postSolution
		SolutionGuid = {7B1E3248-0F17-4D08-9B3D-2457715E5154}
	EndGlobalSection
EndGlobal
